
Microsoft Visual Studio Solution File, Format Version 12.00
# Visual Studio Version 16
VisualStudioVersion = 16.0.31911.196
MinimumVisualStudioVersion = 10.0.40219.1
Project("{FAE04EC0-301F-11D3-BF4B-00C04F79EFBC}") = "QRCode", "QRCode\QRCode.csproj", "{3FEAE826-85D6-4234-A169-F3C2F8E0D8AD}"
EndProject
Global
	GlobalSection(SolutionConfigurationPlatforms) = preSolution
		Debug|Any CPU = Debug|Any CPU
		Release|Any CPU = Release|Any CPU
	EndGlobalSection
	GlobalSection(ProjectConfigurationPlatforms) = postSolution
		{3FEAE826-85D6-4234-A169-F3C2F8E0D8AD}.Debug|Any CPU.ActiveCfg = Debug|Any CPU
		{3FEAE826-85D6-4234-A169-F3C2F8E0D8AD}.Debug|Any CPU.Build.0 = Debug|Any CPU
		{3FEAE826-85D6-4234-A169-F3C2F8E0D8AD}.Release|Any CPU.ActiveCfg = Release|Any CPU
		{3FEAE826-85D6-4234-A169-F3C2F8E0D8AD}.Release|Any CPU.Build.0 = Release|Any CPU
	EndGlobalSection
	GlobalSection(SolutionProperties) = preSolution
		HideSolutionNode = FALSE
	EndGlobalSection
	GlobalSection(ExtensibilityGlobals) = postSolution
		SolutionGuid = {6E776B50-0C21-474F-BF9F-EBF70D9C95DD}
	EndGlobalSection
EndGlobal
